
Microsoft Visual Studio Solution File, Format Version 12.00
# Visual Studio Version 16
VisualStudioVersion = 16.0.30711.63
MinimumVisualStudioVersion = 15.0.26124.0
Project("{2150E333-8FDC-42A3-9474-1A3956D46DE8}") = "src", "src", "{990EF290-BFE4-4E29-9EB7-598D0FD39DC2}"
EndProject
Project("{2150E333-8FDC-42A3-9474-1A3956D46DE8}") = "Catalog", "Catalog", "{40EDF42A-19F7-42D8-8597-8CDBFA04E2BF}"
EndProject
Project("{9A19103F-16F7-4668-BE54-9A1E7A4F7556}") = "Catalog.Api", "src\Catalog\Catalog.Api\Catalog.Api.csproj", "{65B22C1A-1D3F-499C-B264-3D1802FA8034}"
EndProject
Project("{E53339B2-1760-4266-BCC7-CA923CBCF16C}") = "docker-compose", "docker-compose.dcproj", "{AD3966F9-6261-4111-836F-94CFE2F0664B}"
EndProject
Project("{2150E333-8FDC-42A3-9474-1A3956D46DE8}") = "Basket", "Basket", "{9B8CD087-1908-46AF-9991-BE6F306FAEAB}"
EndProject
Project("{9A19103F-16F7-4668-BE54-9A1E7A4F7556}") = "Basket.Api", "src\Basket\Basket.Api\Basket.Api.csproj", "{2EB55384-602F-4DFE-A92E-73BF704A3AEB}"
EndProject
Project("{2150E333-8FDC-42A3-9474-1A3956D46DE8}") = "Common", "Common", "{E281F867-C259-472D-9FA3-163657AF30EB}"
EndProject
Project("{9A19103F-16F7-4668-BE54-9A1E7A4F7556}") = "EventBusRabbitMQ", "src\Common\EventBusRabbitMQ\EventBusRabbitMQ.csproj", "{0AD3CD6A-9D65-4E2C-86C2-A0676999ABB8}"
EndProject
Project("{2150E333-8FDC-42A3-9474-1A3956D46DE8}") = "Ordering", "Ordering", "{A43EBFE1-D169-4F4F-80DA-114A812F374A}"
EndProject
Project("{FAE04EC0-301F-11D3-BF4B-00C04F79EFBC}") = "Ordering.Api", "..\src\Ordering\Ordering.Api\Ordering.Api.csproj", "{2BDA1120-5157-4227-B43F-513611DE0C0D}"
EndProject
Project("{FAE04EC0-301F-11D3-BF4B-00C04F79EFBC}") = "Ordering.Core", "..\src\Ordering\Ordering.Core\Ordering.Core.csproj", "{4596A6FC-1376-482A-B049-44E48285C293}"
EndProject
Project("{FAE04EC0-301F-11D3-BF4B-00C04F79EFBC}") = "Ordering.Infrastructure", "..\src\Ordering\Ordering.Infrastructure\Ordering.Infrastructure.csproj", "{3728D7DB-5A5D-40C7-A032-01E507DC5A1F}"
EndProject
Project("{FAE04EC0-301F-11D3-BF4B-00C04F79EFBC}") = "Ordering.Application", "..\src\Ordering\Ordering.Application\Ordering.Application.csproj", "{D59D47DE-3A15-47CB-8A7C-02C987540FE7}"
EndProject
Global
	GlobalSection(SolutionConfigurationPlatforms) = preSolution
		Debug|Any CPU = Debug|Any CPU
		Debug|x64 = Debug|x64
		Debug|x86 = Debug|x86
		Release|Any CPU = Release|Any CPU
		Release|x64 = Release|x64
		Release|x86 = Release|x86
	EndGlobalSection
	GlobalSection(ProjectConfigurationPlatforms) = postSolution
		{65B22C1A-1D3F-499C-B264-3D1802FA8034}.Debug|Any CPU.ActiveCfg = Debug|Any CPU
		{65B22C1A-1D3F-499C-B264-3D1802FA8034}.Debug|Any CPU.Build.0 = Debug|Any CPU
		{65B22C1A-1D3F-499C-B264-3D1802FA8034}.Debug|x64.ActiveCfg = Debug|Any CPU
		{65B22C1A-1D3F-499C-B264-3D1802FA8034}.Debug|x64.Build.0 = Debug|Any CPU
		{65B22C1A-1D3F-499C-B264-3D1802FA8034}.Debug|x86.ActiveCfg = Debug|Any CPU
		{65B22C1A-1D3F-499C-B264-3D1802FA8034}.Debug|x86.Build.0 = Debug|Any CPU
		{65B22C1A-1D3F-499C-B264-3D1802FA8034}.Release|Any CPU.ActiveCfg = Release|Any CPU
		{65B22C1A-1D3F-499C-B264-3D1802FA8034}.Release|Any CPU.Build.0 = Release|Any CPU
		{65B22C1A-1D3F-499C-B264-3D1802FA8034}.Release|x64.ActiveCfg = Release|Any CPU
		{65B22C1A-1D3F-499C-B264-3D1802FA8034}.Release|x64.Build.0 = Release|Any CPU
		{65B22C1A-1D3F-499C-B264-3D1802FA8034}.Release|x86.ActiveCfg = Release|Any CPU
		{65B22C1A-1D3F-499C-B264-3D1802FA8034}.Release|x86.Build.0 = Release|Any CPU
		{AD3966F9-6261-4111-836F-94CFE2F0664B}.Debug|Any CPU.ActiveCfg = Debug|Any CPU
		{AD3966F9-6261-4111-836F-94CFE2F0664B}.Debug|Any CPU.Build.0 = Debug|Any CPU
		{AD3966F9-6261-4111-836F-94CFE2F0664B}.Debug|x64.ActiveCfg = Debug|Any CPU
		{AD3966F9-6261-4111-836F-94CFE2F0664B}.Debug|x64.Build.0 = Debug|Any CPU
		{AD3966F9-6261-4111-836F-94CFE2F0664B}.Debug|x86.ActiveCfg = Debug|Any CPU
		{AD3966F9-6261-4111-836F-94CFE2F0664B}.Debug|x86.Build.0 = Debug|Any CPU
		{AD3966F9-6261-4111-836F-94CFE2F0664B}.Release|Any CPU.ActiveCfg = Release|Any CPU
		{AD3966F9-6261-4111-836F-94CFE2F0664B}.Release|Any CPU.Build.0 = Release|Any CPU
		{AD3966F9-6261-4111-836F-94CFE2F0664B}.Release|x64.ActiveCfg = Release|Any CPU
		{AD3966F9-6261-4111-836F-94CFE2F0664B}.Release|x64.Build.0 = Release|Any CPU
		{AD3966F9-6261-4111-836F-94CFE2F0664B}.Release|x86.ActiveCfg = Release|Any CPU
		{AD3966F9-6261-4111-836F-94CFE2F0664B}.Release|x86.Build.0 = Release|Any CPU
		{2EB55384-602F-4DFE-A92E-73BF704A3AEB}.Debug|Any CPU.ActiveCfg = Debug|Any CPU
		{2EB55384-602F-4DFE-A92E-73BF704A3AEB}.Debug|Any CPU.Build.0 = Debug|Any CPU
		{2EB55384-602F-4DFE-A92E-73BF704A3AEB}.Debug|x64.ActiveCfg = Debug|Any CPU
		{2EB55384-602F-4DFE-A92E-73BF704A3AEB}.Debug|x64.Build.0 = Debug|Any CPU
		{2EB55384-602F-4DFE-A92E-73BF704A3AEB}.Debug|x86.ActiveCfg = Debug|Any CPU
		{2EB55384-602F-4DFE-A92E-73BF704A3AEB}.Debug|x86.Build.0 = Debug|Any CPU
		{2EB55384-602F-4DFE-A92E-73BF704A3AEB}.Release|Any CPU.ActiveCfg = Release|Any CPU
		{2EB55384-602F-4DFE-A92E-73BF704A3AEB}.Release|Any CPU.Build.0 = Release|Any CPU
		{2EB55384-602F-4DFE-A92E-73BF704A3AEB}.Release|x64.ActiveCfg = Release|Any CPU
		{2EB55384-602F-4DFE-A92E-73BF704A3AEB}.Release|x64.Build.0 = Release|Any CPU
		{2EB55384-602F-4DFE-A92E-73BF704A3AEB}.Release|x86.ActiveCfg = Release|Any CPU
		{2EB55384-602F-4DFE-A92E-73BF704A3AEB}.Release|x86.Build.0 = Release|Any CPU
		{0AD3CD6A-9D65-4E2C-86C2-A0676999ABB8}.Debug|Any CPU.ActiveCfg = Debug|Any CPU
		{0AD3CD6A-9D65-4E2C-86C2-A0676999ABB8}.Debug|Any CPU.Build.0 = Debug|Any CPU
		{0AD3CD6A-9D65-4E2C-86C2-A0676999ABB8}.Debug|x64.ActiveCfg = Debug|Any CPU
		{0AD3CD6A-9D65-4E2C-86C2-A0676999ABB8}.Debug|x64.Build.0 = Debug|Any CPU
		{0AD3CD6A-9D65-4E2C-86C2-A0676999ABB8}.Debug|x86.ActiveCfg = Debug|Any CPU
		{0AD3CD6A-9D65-4E2C-86C2-A0676999ABB8}.Debug|x86.Build.0 = Debug|Any CPU
		{0AD3CD6A-9D65-4E2C-86C2-A0676999ABB8}.Release|Any CPU.ActiveCfg = Release|Any CPU
		{0AD3CD6A-9D65-4E2C-86C2-A0676999ABB8}.Release|Any CPU.Build.0 = Release|Any CPU
		{0AD3CD6A-9D65-4E2C-86C2-A0676999ABB8}.Release|x64.ActiveCfg = Release|Any CPU
		{0AD3CD6A-9D65-4E2C-86C2-A0676999ABB8}.Release|x64.Build.0 = Release|Any CPU
		{0AD3CD6A-9D65-4E2C-86C2-A0676999ABB8}.Release|x86.ActiveCfg = Release|Any CPU
		{0AD3CD6A-9D65-4E2C-86C2-A0676999ABB8}.Release|x86.Build.0 = Release|Any CPU
		{2BDA1120-5157-4227-B43F-513611DE0C0D}.Debug|Any CPU.ActiveCfg = Debug|Any CPU
		{2BDA1120-5157-4227-B43F-513611DE0C0D}.Debug|Any CPU.Build.0 = Debug|Any CPU
		{2BDA1120-5157-4227-B43F-513611DE0C0D}.Debug|x64.ActiveCfg = Debug|Any CPU
		{2BDA1120-5157-4227-B43F-513611DE0C0D}.Debug|x64.Build.0 = Debug|Any CPU
		{2BDA1120-5157-4227-B43F-513611DE0C0D}.Debug|x86.ActiveCfg = Debug|Any CPU
		{2BDA1120-5157-4227-B43F-513611DE0C0D}.Debug|x86.Build.0 = Debug|Any CPU
		{2BDA1120-5157-4227-B43F-513611DE0C0D}.Release|Any CPU.ActiveCfg = Release|Any CPU
		{2BDA1120-5157-4227-B43F-513611DE0C0D}.Release|Any CPU.Build.0 = Release|Any CPU
		{2BDA1120-5157-4227-B43F-513611DE0C0D}.Release|x64.ActiveCfg = Release|Any CPU
		{2BDA1120-5157-4227-B43F-513611DE0C0D}.Release|x64.Build.0 = Release|Any CPU
		{2BDA1120-5157-4227-B43F-513611DE0C0D}.Release|x86.ActiveCfg = Release|Any CPU
		{2BDA1120-5157-4227-B43F-513611DE0C0D}.Release|x86.Build.0 = Release|Any CPU
		{4596A6FC-1376-482A-B049-44E48285C293}.Debug|Any CPU.ActiveCfg = Debug|Any CPU
		{4596A6FC-1376-482A-B049-44E48285C293}.Debug|Any CPU.Build.0 = Debug|Any CPU
		{4596A6FC-1376-482A-B049-44E48285C293}.Debug|x64.ActiveCfg = Debug|Any CPU
		{4596A6FC-1376-482A-B049-44E48285C293}.Debug|x64.Build.0 = Debug|Any CPU
		{4596A6FC-1376-482A-B049-44E48285C293}.Debug|x86.ActiveCfg = Debug|Any CPU
		{4596A6FC-1376-482A-B049-44E48285C293}.Debug|x86.Build.0 = Debug|Any CPU
		{4596A6FC-1376-482A-B049-44E48285C293}.Release|Any CPU.ActiveCfg = Release|Any CPU
		{4596A6FC-1376-482A-B049-44E48285C293}.Release|Any CPU.Build.0 = Release|Any CPU
		{4596A6FC-1376-482A-B049-44E48285C293}.Release|x64.ActiveCfg = Release|Any CPU
		{4596A6FC-1376-482A-B049-44E48285C293}.Release|x64.Build.0 = Release|Any CPU
		{4596A6FC-1376-482A-B049-44E48285C293}.Release|x86.ActiveCfg = Release|Any CPU
		{4596A6FC-1376-482A-B049-44E48285C293}.Release|x86.Build.0 = Release|Any CPU
		{3728D7DB-5A5D-40C7-A032-01E507DC5A1F}.Debug|Any CPU.ActiveCfg = Debug|Any CPU
		{3728D7DB-5A5D-40C7-A032-01E507DC5A1F}.Debug|Any CPU.Build.0 = Debug|Any CPU
		{3728D7DB-5A5D-40C7-A032-01E507DC5A1F}.Debug|x64.ActiveCfg = Debug|Any CPU
		{3728D7DB-5A5D-40C7-A032-01E507DC5A1F}.Debug|x64.Build.0 = Debug|Any CPU
		{3728D7DB-5A5D-40C7-A032-01E507DC5A1F}.Debug|x86.ActiveCfg = Debug|Any CPU
		{3728D7DB-5A5D-40C7-A032-01E507DC5A1F}.Debug|x86.Build.0 = Debug|Any CPU
		{3728D7DB-5A5D-40C7-A032-01E507DC5A1F}.Release|Any CPU.ActiveCfg = Release|Any CPU
		{3728D7DB-5A5D-40C7-A032-01E507DC5A1F}.Release|Any CPU.Build.0 = Release|Any CPU
		{3728D7DB-5A5D-40C7-A032-01E507DC5A1F}.Release|x64.ActiveCfg = Release|Any CPU
		{3728D7DB-5A5D-40C7-A032-01E507DC5A1F}.Release|x64.Build.0 = Release|Any CPU
		{3728D7DB-5A5D-40C7-A032-01E507DC5A1F}.Release|x86.ActiveCfg = Release|Any CPU
		{3728D7DB-5A5D-40C7-A032-01E507DC5A1F}.Release|x86.Build.0 = Release|Any CPU
		{D59D47DE-3A15-47CB-8A7C-02C987540FE7}.Debug|Any CPU.ActiveCfg = Debug|Any CPU
		{D59D47DE-3A15-47CB-8A7C-02C987540FE7}.Debug|Any CPU.Build.0 = Debug|Any CPU
		{D59D47DE-3A15-47CB-8A7C-02C987540FE7}.Debug|x64.ActiveCfg = Debug|Any CPU
		{D59D47DE-3A15-47CB-8A7C-02C987540FE7}.Debug|x64.Build.0 = Debug|Any CPU
		{D59D47DE-3A15-47CB-8A7C-02C987540FE7}.Debug|x86.ActiveCfg = Debug|Any CPU
		{D59D47DE-3A15-47CB-8A7C-02C987540FE7}.Debug|x86.Build.0 = Debug|Any CPU
		{D59D47DE-3A15-47CB-8A7C-02C987540FE7}.Release|Any CPU.ActiveCfg = Release|Any CPU
		{D59D47DE-3A15-47CB-8A7C-02C987540FE7}.Release|Any CPU.Build.0 = Release|Any CPU
		{D59D47DE-3A15-47CB-8A7C-02C987540FE7}.Release|x64.ActiveCfg = Release|Any CPU
		{D59D47DE-3A15-47CB-8A7C-02C987540FE7}.Release|x64.Build.0 = Release|Any CPU
		{D59D47DE-3A15-47CB-8A7C-02C987540FE7}.Release|x86.ActiveCfg = Release|Any CPU
		{D59D47DE-3A15-47CB-8A7C-02C987540FE7}.Release|x86.Build.0 = Release|Any CPU
	EndGlobalSection
	GlobalSection(SolutionProperties) = preSolution
		HideSolutionNode = FALSE
	EndGlobalSection
	GlobalSection(NestedProjects) = preSolution
		{40EDF42A-19F7-42D8-8597-8CDBFA04E2BF} = {990EF290-BFE4-4E29-9EB7-598D0FD39DC2}
		{65B22C1A-1D3F-499C-B264-3D1802FA8034} = {40EDF42A-19F7-42D8-8597-8CDBFA04E2BF}
		{9B8CD087-1908-46AF-9991-BE6F306FAEAB} = {990EF290-BFE4-4E29-9EB7-598D0FD39DC2}
		{2EB55384-602F-4DFE-A92E-73BF704A3AEB} = {9B8CD087-1908-46AF-9991-BE6F306FAEAB}
		{E281F867-C259-472D-9FA3-163657AF30EB} = {990EF290-BFE4-4E29-9EB7-598D0FD39DC2}
		{0AD3CD6A-9D65-4E2C-86C2-A0676999ABB8} = {E281F867-C259-472D-9FA3-163657AF30EB}
		{A43EBFE1-D169-4F4F-80DA-114A812F374A} = {990EF290-BFE4-4E29-9EB7-598D0FD39DC2}
		{2BDA1120-5157-4227-B43F-513611DE0C0D} = {A43EBFE1-D169-4F4F-80DA-114A812F374A}
		{4596A6FC-1376-482A-B049-44E48285C293} = {A43EBFE1-D169-4F4F-80DA-114A812F374A}
		{3728D7DB-5A5D-40C7-A032-01E507DC5A1F} = {A43EBFE1-D169-4F4F-80DA-114A812F374A}
		{D59D47DE-3A15-47CB-8A7C-02C987540FE7} = {A43EBFE1-D169-4F4F-80DA-114A812F374A}
	EndGlobalSection
	GlobalSection(ExtensibilityGlobals) = postSolution
		SolutionGuid = {6F5ABDA2-4DE0-4E43-B970-A21366C260BA}
	EndGlobalSection
EndGlobal
