
Microsoft Visual Studio Solution File, Format Version 12.00
# Visual Studio Version 16
VisualStudioVersion = 16.0.30711.63
MinimumVisualStudioVersion = 15.0.26124.0
Project("{2150E333-8FDC-42A3-9474-1A3956D46DE8}") = "src", "src", "{990EF290-BFE4-4E29-9EB7-598D0FD39DC2}"
EndProject
Project("{2150E333-8FDC-42A3-9474-1A3956D46DE8}") = "Catalog", "Catalog", "{40EDF42A-19F7-42D8-8597-8CDBFA04E2BF}"
EndProject
Project("{9A19103F-16F7-4668-BE54-9A1E7A4F7556}") = "Catalog.Api", "src\Catalog\Catalog.Api\Catalog.Api.csproj", "{65B22C1A-1D3F-499C-B264-3D1802FA8034}"
EndProject
Project("{E53339B2-1760-4266-BCC7-CA923CBCF16C}") = "docker-compose", "docker-compose.dcproj", "{AD3966F9-6261-4111-836F-94CFE2F0664B}"
EndProject
Global
	GlobalSection(SolutionConfigurationPlatforms) = preSolution
		Debug|Any CPU = Debug|Any CPU
		Debug|x64 = Debug|x64
		Debug|x86 = Debug|x86
		Release|Any CPU = Release|Any CPU
		Release|x64 = Release|x64
		Release|x86 = Release|x86
	EndGlobalSection
	GlobalSection(ProjectConfigurationPlatforms) = postSolution
		{65B22C1A-1D3F-499C-B264-3D1802FA8034}.Debug|Any CPU.ActiveCfg = Debug|Any CPU
		{65B22C1A-1D3F-499C-B264-3D1802FA8034}.Debug|Any CPU.Build.0 = Debug|Any CPU
		{65B22C1A-1D3F-499C-B264-3D1802FA8034}.Debug|x64.ActiveCfg = Debug|Any CPU
		{65B22C1A-1D3F-499C-B264-3D1802FA8034}.Debug|x64.Build.0 = Debug|Any CPU
		{65B22C1A-1D3F-499C-B264-3D1802FA8034}.Debug|x86.ActiveCfg = Debug|Any CPU
		{65B22C1A-1D3F-499C-B264-3D1802FA8034}.Debug|x86.Build.0 = Debug|Any CPU
		{65B22C1A-1D3F-499C-B264-3D1802FA8034}.Release|Any CPU.ActiveCfg = Release|Any CPU
		{65B22C1A-1D3F-499C-B264-3D1802FA8034}.Release|Any CPU.Build.0 = Release|Any CPU
		{65B22C1A-1D3F-499C-B264-3D1802FA8034}.Release|x64.ActiveCfg = Release|Any CPU
		{65B22C1A-1D3F-499C-B264-3D1802FA8034}.Release|x64.Build.0 = Release|Any CPU
		{65B22C1A-1D3F-499C-B264-3D1802FA8034}.Release|x86.ActiveCfg = Release|Any CPU
		{65B22C1A-1D3F-499C-B264-3D1802FA8034}.Release|x86.Build.0 = Release|Any CPU
		{AD3966F9-6261-4111-836F-94CFE2F0664B}.Debug|Any CPU.ActiveCfg = Debug|Any CPU
		{AD3966F9-6261-4111-836F-94CFE2F0664B}.Debug|Any CPU.Build.0 = Debug|Any CPU
		{AD3966F9-6261-4111-836F-94CFE2F0664B}.Debug|x64.ActiveCfg = Debug|Any CPU
		{AD3966F9-6261-4111-836F-94CFE2F0664B}.Debug|x64.Build.0 = Debug|Any CPU
		{AD3966F9-6261-4111-836F-94CFE2F0664B}.Debug|x86.ActiveCfg = Debug|Any CPU
		{AD3966F9-6261-4111-836F-94CFE2F0664B}.Debug|x86.Build.0 = Debug|Any CPU
		{AD3966F9-6261-4111-836F-94CFE2F0664B}.Release|Any CPU.ActiveCfg = Release|Any CPU
		{AD3966F9-6261-4111-836F-94CFE2F0664B}.Release|Any CPU.Build.0 = Release|Any CPU
		{AD3966F9-6261-4111-836F-94CFE2F0664B}.Release|x64.ActiveCfg = Release|Any CPU
		{AD3966F9-6261-4111-836F-94CFE2F0664B}.Release|x64.Build.0 = Release|Any CPU
		{AD3966F9-6261-4111-836F-94CFE2F0664B}.Release|x86.ActiveCfg = Release|Any CPU
		{AD3966F9-6261-4111-836F-94CFE2F0664B}.Release|x86.Build.0 = Release|Any CPU
	EndGlobalSection
	GlobalSection(SolutionProperties) = preSolution
		HideSolutionNode = FALSE
	EndGlobalSection
	GlobalSection(NestedProjects) = preSolution
		{40EDF42A-19F7-42D8-8597-8CDBFA04E2BF} = {990EF290-BFE4-4E29-9EB7-598D0FD39DC2}
		{65B22C1A-1D3F-499C-B264-3D1802FA8034} = {40EDF42A-19F7-42D8-8597-8CDBFA04E2BF}
	EndGlobalSection
	GlobalSection(ExtensibilityGlobals) = postSolution
		SolutionGuid = {6F5ABDA2-4DE0-4E43-B970-A21366C260BA}
	EndGlobalSection
EndGlobal
